<Solution>
  <Folder Name="/docs/">
    <File Path="architecture.md" />
    <File Path="security.md" />
  </Folder>
  <Folder Name="/docs/decisions/" />
  <Folder Name="/Solution Items/">
    <File Path="LICENSE.txt" />
    <File Path="README.md" />
  </Folder>
  <Project Path="EnterpriseKnowledge.Api.Tests/EnterpriseKnowledge.Api.Tests.csproj" />
  <Project Path="EnterpriseKnowledge.Api/EnterpriseKnowledge.Api.csproj" />
  <Project Path="EnterpriseKnowledge.Application/EnterpriseKnowledge.Application.csproj" />
  <Project Path="EnterpriseKnowledge.Domain/EnterpriseKnowledge.Domain.csproj" />
  <Project Path="EnterpriseKnowledge.Infrastructure/EnterpriseKnowledge.Infrastructure.csproj" />
</Solution>
